// !$*UTF8*$!
{
	archiveVersion = 1;
	classes = {
	};
	objectVersion = 56;
	objects = {

/* Begin PBXBuildFile section */
		1C78DCAE2B963E9900415D5E /* MovieSearch2App.swift in Sources */ = {isa = PBXBuildFile; fileRef = 1C78DCAD2B963E9900415D5E /* MovieSearch2App.swift */; };
		1C78DCB02B963E9900415D5E /* MovieListView.swift in Sources */ = {isa = PBXBuildFile; fileRef = 1C78DCAF2B963E9900415D5E /* MovieListView.swift */; };
		1C78DCB22B963E9B00415D5E /* Assets.xcassets in Resources */ = {isa = PBXBuildFile; fileRef = 1C78DCB12B963E9B00415D5E /* Assets.xcassets */; };
		1C78DCB52B963E9B00415D5E /* Preview Assets.xcassets in Resources */ = {isa = PBXBuildFile; fileRef = 1C78DCB42B963E9B00415D5E /* Preview Assets.xcassets */; };
		1C78DCBD2B963EB400415D5E /* Movie.swift in Sources */ = {isa = PBXBuildFile; fileRef = 1C78DCBC2B963EB400415D5E /* Movie.swift */; };
		1C78DCBF2B963F2400415D5E /* MovieListResponse.swift in Sources */ = {isa = PBXBuildFile; fileRef = 1C78DCBE2B963F2400415D5E /* MovieListResponse.swift */; };
		1C78DCC22B963F5D00415D5E /* NetworkManager.swift in Sources */ = {isa = PBXBuildFile; fileRef = 1C78DCC12B963F5D00415D5E /* NetworkManager.swift */; };
		1C78DCC42B963FCA00415D5E /* Endpoint.swift in Sources */ = {isa = PBXBuildFile; fileRef = 1C78DCC32B963FCA00415D5E /* Endpoint.swift */; };
		1C78DCC72B9640D100415D5E /* MovieService.swift in Sources */ = {isa = PBXBuildFile; fileRef = 1C78DCC62B9640D100415D5E /* MovieService.swift */; };
		1C78DCCE2B9642CC00415D5E /* MovieListViewModel.swift in Sources */ = {isa = PBXBuildFile; fileRef = 1C78DCCD2B9642CC00415D5E /* MovieListViewModel.swift */; };
		1C78DCD12B96436800415D5E /* SinkCompletionHandling.swift in Sources */ = {isa = PBXBuildFile; fileRef = 1C78DCD02B96436800415D5E /* SinkCompletionHandling.swift */; };
		1C78DCD32B96458D00415D5E /* MovieListViewModelFactory.swift in Sources */ = {isa = PBXBuildFile; fileRef = 1C78DCD22B96458D00415D5E /* MovieListViewModelFactory.swift */; };
		1C78DCD52B9645F800415D5E /* MovieListCell.swift in Sources */ = {isa = PBXBuildFile; fileRef = 1C78DCD42B9645F800415D5E /* MovieListCell.swift */; };
		1C78DCD92B96474900415D5E /* SearchBar.swift in Sources */ = {isa = PBXBuildFile; fileRef = 1C78DCD82B96474900415D5E /* SearchBar.swift */; };
		1C78DCDC2B9648EB00415D5E /* MovieDetailView.swift in Sources */ = {isa = PBXBuildFile; fileRef = 1C78DCDB2B9648EB00415D5E /* MovieDetailView.swift */; };
		1C78DCDF2B96499A00415D5E /* RemoteImage.swift in Sources */ = {isa = PBXBuildFile; fileRef = 1C78DCDE2B96499A00415D5E /* RemoteImage.swift */; };
		1C78DCE32B9649E300415D5E /* ImageService.swift in Sources */ = {isa = PBXBuildFile; fileRef = 1C78DCE22B9649E300415D5E /* ImageService.swift */; };
		1C78DCE62B964AC200415D5E /* ImageCache.swift in Sources */ = {isa = PBXBuildFile; fileRef = 1C78DCE52B964AC200415D5E /* ImageCache.swift */; };
		1C78DCEA2B964C7A00415D5E /* RemoteImageViewModel.swift in Sources */ = {isa = PBXBuildFile; fileRef = 1C78DCE92B964C7A00415D5E /* RemoteImageViewModel.swift */; };
		1C78DCEC2B964DB300415D5E /* RemoteImageViewModelFactory.swift in Sources */ = {isa = PBXBuildFile; fileRef = 1C78DCEB2B964DB300415D5E /* RemoteImageViewModelFactory.swift */; };
		1C78DCEE2B96A9CB00415D5E /* Loggable.swift in Sources */ = {isa = PBXBuildFile; fileRef = 1C78DCED2B96A9CB00415D5E /* Loggable.swift */; };
/* End PBXBuildFile section */

/* Begin PBXFileReference section */
		1C78DCAA2B963E9900415D5E /* MovieSearch2.app */ = {isa = PBXFileReference; explicitFileType = wrapper.application; includeInIndex = 0; path = MovieSearch2.app; sourceTree = BUILT_PRODUCTS_DIR; };
		1C78DCAD2B963E9900415D5E /* MovieSearch2App.swift */ = {isa = PBXFileReference; lastKnownFileType = sourcecode.swift; path = MovieSearch2App.swift; sourceTree = "<group>"; };
		1C78DCAF2B963E9900415D5E /* MovieListView.swift */ = {isa = PBXFileReference; lastKnownFileType = sourcecode.swift; path = MovieListView.swift; sourceTree = "<group>"; };
		1C78DCB12B963E9B00415D5E /* Assets.xcassets */ = {isa = PBXFileReference; lastKnownFileType = folder.assetcatalog; path = Assets.xcassets; sourceTree = "<group>"; };
		1C78DCB42B963E9B00415D5E /* Preview Assets.xcassets */ = {isa = PBXFileReference; lastKnownFileType = folder.assetcatalog; path = "Preview Assets.xcassets"; sourceTree = "<group>"; };
		1C78DCBC2B963EB400415D5E /* Movie.swift */ = {isa = PBXFileReference; lastKnownFileType = sourcecode.swift; path = Movie.swift; sourceTree = "<group>"; };
		1C78DCBE2B963F2400415D5E /* MovieListResponse.swift */ = {isa = PBXFileReference; lastKnownFileType = sourcecode.swift; path = MovieListResponse.swift; sourceTree = "<group>"; };
		1C78DCC12B963F5D00415D5E /* NetworkManager.swift */ = {isa = PBXFileReference; lastKnownFileType = sourcecode.swift; path = NetworkManager.swift; sourceTree = "<group>"; };
		1C78DCC32B963FCA00415D5E /* Endpoint.swift */ = {isa = PBXFileReference; lastKnownFileType = sourcecode.swift; path = Endpoint.swift; sourceTree = "<group>"; };
		1C78DCC62B9640D100415D5E /* MovieService.swift */ = {isa = PBXFileReference; lastKnownFileType = sourcecode.swift; path = MovieService.swift; sourceTree = "<group>"; };
		1C78DCCD2B9642CC00415D5E /* MovieListViewModel.swift */ = {isa = PBXFileReference; lastKnownFileType = sourcecode.swift; path = MovieListViewModel.swift; sourceTree = "<group>"; };
		1C78DCD02B96436800415D5E /* SinkCompletionHandling.swift */ = {isa = PBXFileReference; lastKnownFileType = sourcecode.swift; path = SinkCompletionHandling.swift; sourceTree = "<group>"; };
		1C78DCD22B96458D00415D5E /* MovieListViewModelFactory.swift */ = {isa = PBXFileReference; lastKnownFileType = sourcecode.swift; path = MovieListViewModelFactory.swift; sourceTree = "<group>"; };
		1C78DCD42B9645F800415D5E /* MovieListCell.swift */ = {isa = PBXFileReference; lastKnownFileType = sourcecode.swift; path = MovieListCell.swift; sourceTree = "<group>"; };
		1C78DCD82B96474900415D5E /* SearchBar.swift */ = {isa = PBXFileReference; lastKnownFileType = sourcecode.swift; path = SearchBar.swift; sourceTree = "<group>"; };
		1C78DCDB2B9648EB00415D5E /* MovieDetailView.swift */ = {isa = PBXFileReference; lastKnownFileType = sourcecode.swift; path = MovieDetailView.swift; sourceTree = "<group>"; };
		1C78DCDE2B96499A00415D5E /* RemoteImage.swift */ = {isa = PBXFileReference; lastKnownFileType = sourcecode.swift; path = RemoteImage.swift; sourceTree = "<group>"; };
		1C78DCE22B9649E300415D5E /* ImageService.swift */ = {isa = PBXFileReference; lastKnownFileType = sourcecode.swift; path = ImageService.swift; sourceTree = "<group>"; };
		1C78DCE52B964AC200415D5E /* ImageCache.swift */ = {isa = PBXFileReference; lastKnownFileType = sourcecode.swift; path = ImageCache.swift; sourceTree = "<group>"; };
		1C78DCE92B964C7A00415D5E /* RemoteImageViewModel.swift */ = {isa = PBXFileReference; lastKnownFileType = sourcecode.swift; path = RemoteImageViewModel.swift; sourceTree = "<group>"; };
		1C78DCEB2B964DB300415D5E /* RemoteImageViewModelFactory.swift */ = {isa = PBXFileReference; lastKnownFileType = sourcecode.swift; path = RemoteImageViewModelFactory.swift; sourceTree = "<group>"; };
		1C78DCED2B96A9CB00415D5E /* Loggable.swift */ = {isa = PBXFileReference; lastKnownFileType = sourcecode.swift; path = Loggable.swift; sourceTree = "<group>"; };
/* End PBXFileReference section */

/* Begin PBXFrameworksBuildPhase section */
		1C78DCA72B963E9900415D5E /* Frameworks */ = {
			isa = PBXFrameworksBuildPhase;
			buildActionMask = 2147483647;
			files = (
			);
			runOnlyForDeploymentPostprocessing = 0;
		};
/* End PBXFrameworksBuildPhase section */

/* Begin PBXGroup section */
		1C78DCA12B963E9900415D5E = {
			isa = PBXGroup;
			children = (
				1C78DCAC2B963E9900415D5E /* MovieSearch2 */,
				1C78DCAB2B963E9900415D5E /* Products */,
			);
			sourceTree = "<group>";
		};
		1C78DCAB2B963E9900415D5E /* Products */ = {
			isa = PBXGroup;
			children = (
				1C78DCAA2B963E9900415D5E /* MovieSearch2.app */,
			);
			name = Products;
			sourceTree = "<group>";
		};
		1C78DCAC2B963E9900415D5E /* MovieSearch2 */ = {
			isa = PBXGroup;
			children = (
				1C78DCC82B96429A00415D5E /* Core */,
				1C78DCBB2B963EAB00415D5E /* Model */,
				1C78DCC02B963F4D00415D5E /* Network */,
				1C78DCC52B9640C200415D5E /* Service */,
				1C78DCCF2B96435600415D5E /* Utils */,
				1C78DCB12B963E9B00415D5E /* Assets.xcassets */,
				1C78DCB32B963E9B00415D5E /* Preview Content */,
			);
			path = MovieSearch2;
			sourceTree = "<group>";
		};
		1C78DCB32B963E9B00415D5E /* Preview Content */ = {
			isa = PBXGroup;
			children = (
				1C78DCB42B963E9B00415D5E /* Preview Assets.xcassets */,
			);
			path = "Preview Content";
			sourceTree = "<group>";
		};
		1C78DCBB2B963EAB00415D5E /* Model */ = {
			isa = PBXGroup;
			children = (
				1C78DCBC2B963EB400415D5E /* Movie.swift */,
				1C78DCBE2B963F2400415D5E /* MovieListResponse.swift */,
			);
			path = Model;
			sourceTree = "<group>";
		};
		1C78DCC02B963F4D00415D5E /* Network */ = {
			isa = PBXGroup;
			children = (
				1C78DCC12B963F5D00415D5E /* NetworkManager.swift */,
				1C78DCC32B963FCA00415D5E /* Endpoint.swift */,
			);
			path = Network;
			sourceTree = "<group>";
		};
		1C78DCC52B9640C200415D5E /* Service */ = {
			isa = PBXGroup;
			children = (
				1C78DCC62B9640D100415D5E /* MovieService.swift */,
				1C78DCE22B9649E300415D5E /* ImageService.swift */,
			);
			path = Service;
			sourceTree = "<group>";
		};
		1C78DCC82B96429A00415D5E /* Core */ = {
			isa = PBXGroup;
			children = (
				1C78DCC92B9642A200415D5E /* App */,
				1C78DCE42B964AB600415D5E /* Cache */,
				1C78DCD62B96473000415D5E /* Components */,
				1C78DCDA2B9648D700415D5E /* MovieDetail */,
				1C78DCCA2B9642A800415D5E /* MovieList */,
			);
			path = Core;
			sourceTree = "<group>";
		};
		1C78DCC92B9642A200415D5E /* App */ = {
			isa = PBXGroup;
			children = (
				1C78DCAD2B963E9900415D5E /* MovieSearch2App.swift */,
			);
			path = App;
			sourceTree = "<group>";
		};
		1C78DCCA2B9642A800415D5E /* MovieList */ = {
			isa = PBXGroup;
			children = (
				1C78DCCC2B9642B800415D5E /* View */,
				1C78DCCB2B9642B200415D5E /* ViewModel */,
			);
			path = MovieList;
			sourceTree = "<group>";
		};
		1C78DCCB2B9642B200415D5E /* ViewModel */ = {
			isa = PBXGroup;
			children = (
				1C78DCCD2B9642CC00415D5E /* MovieListViewModel.swift */,
				1C78DCD22B96458D00415D5E /* MovieListViewModelFactory.swift */,
			);
			path = ViewModel;
			sourceTree = "<group>";
		};
		1C78DCCC2B9642B800415D5E /* View */ = {
			isa = PBXGroup;
			children = (
				1C78DCAF2B963E9900415D5E /* MovieListView.swift */,
				1C78DCD42B9645F800415D5E /* MovieListCell.swift */,
			);
			path = View;
			sourceTree = "<group>";
		};
		1C78DCCF2B96435600415D5E /* Utils */ = {
			isa = PBXGroup;
			children = (
				1C78DCED2B96A9CB00415D5E /* Loggable.swift */,
				1C78DCD02B96436800415D5E /* SinkCompletionHandling.swift */,
			);
			path = Utils;
			sourceTree = "<group>";
		};
		1C78DCD62B96473000415D5E /* Components */ = {
			isa = PBXGroup;
			children = (
				1C78DCDD2B96498D00415D5E /* RemoteImage */,
				1C78DCD72B96473B00415D5E /* SearchBar */,
			);
			path = Components;
			sourceTree = "<group>";
		};
		1C78DCD72B96473B00415D5E /* SearchBar */ = {
			isa = PBXGroup;
			children = (
				1C78DCD82B96474900415D5E /* SearchBar.swift */,
			);
			path = SearchBar;
			sourceTree = "<group>";
		};
		1C78DCDA2B9648D700415D5E /* MovieDetail */ = {
			isa = PBXGroup;
			children = (
				1C78DCDB2B9648EB00415D5E /* MovieDetailView.swift */,
			);
			path = MovieDetail;
			sourceTree = "<group>";
		};
		1C78DCDD2B96498D00415D5E /* RemoteImage */ = {
			isa = PBXGroup;
			children = (
				1C78DCE82B964C6E00415D5E /* ViewModel */,
				1C78DCE72B964C6900415D5E /* View */,
			);
			path = RemoteImage;
			sourceTree = "<group>";
		};
		1C78DCE42B964AB600415D5E /* Cache */ = {
			isa = PBXGroup;
			children = (
				1C78DCE52B964AC200415D5E /* ImageCache.swift */,
			);
			path = Cache;
			sourceTree = "<group>";
		};
		1C78DCE72B964C6900415D5E /* View */ = {
			isa = PBXGroup;
			children = (
				1C78DCDE2B96499A00415D5E /* RemoteImage.swift */,
			);
			path = View;
			sourceTree = "<group>";
		};
		1C78DCE82B964C6E00415D5E /* ViewModel */ = {
			isa = PBXGroup;
			children = (
				1C78DCE92B964C7A00415D5E /* RemoteImageViewModel.swift */,
				1C78DCEB2B964DB300415D5E /* RemoteImageViewModelFactory.swift */,
			);
			path = ViewModel;
			sourceTree = "<group>";
		};
/* End PBXGroup section */

/* Begin PBXNativeTarget section */
		1C78DCA92B963E9900415D5E /* MovieSearch2 */ = {
			isa = PBXNativeTarget;
			buildConfigurationList = 1C78DCB82B963E9B00415D5E /* Build configuration list for PBXNativeTarget "MovieSearch2" */;
			buildPhases = (
				1C78DCA62B963E9900415D5E /* Sources */,
				1C78DCA72B963E9900415D5E /* Frameworks */,
				1C78DCA82B963E9900415D5E /* Resources */,
			);
			buildRules = (
			);
			dependencies = (
			);
			name = MovieSearch2;
			productName = MovieSearch2;
			productReference = 1C78DCAA2B963E9900415D5E /* MovieSearch2.app */;
			productType = "com.apple.product-type.application";
		};
/* End PBXNativeTarget section */

/* Begin PBXProject section */
		1C78DCA22B963E9900415D5E /* Project object */ = {
			isa = PBXProject;
			attributes = {
				BuildIndependentTargetsInParallel = 1;
				LastSwiftUpdateCheck = 1520;
				LastUpgradeCheck = 1520;
				TargetAttributes = {
					1C78DCA92B963E9900415D5E = {
						CreatedOnToolsVersion = 15.2;
					};
				};
			};
			buildConfigurationList = 1C78DCA52B963E9900415D5E /* Build configuration list for PBXProject "MovieSearch2" */;
			compatibilityVersion = "Xcode 14.0";
			developmentRegion = en;
			hasScannedForEncodings = 0;
			knownRegions = (
				en,
				Base,
			);
			mainGroup = 1C78DCA12B963E9900415D5E;
			productRefGroup = 1C78DCAB2B963E9900415D5E /* Products */;
			projectDirPath = "";
			projectRoot = "";
			targets = (
				1C78DCA92B963E9900415D5E /* MovieSearch2 */,
			);
		};
/* End PBXProject section */

/* Begin PBXResourcesBuildPhase section */
		1C78DCA82B963E9900415D5E /* Resources */ = {
			isa = PBXResourcesBuildPhase;
			buildActionMask = 2147483647;
			files = (
				1C78DCB52B963E9B00415D5E /* Preview Assets.xcassets in Resources */,
				1C78DCB22B963E9B00415D5E /* Assets.xcassets in Resources */,
			);
			runOnlyForDeploymentPostprocessing = 0;
		};
/* End PBXResourcesBuildPhase section */

/* Begin PBXSourcesBuildPhase section */
		1C78DCA62B963E9900415D5E /* Sources */ = {
			isa = PBXSourcesBuildPhase;
			buildActionMask = 2147483647;
			files = (
				1C78DCEE2B96A9CB00415D5E /* Loggable.swift in Sources */,
				1C78DCD52B9645F800415D5E /* MovieListCell.swift in Sources */,
				1C78DCB02B963E9900415D5E /* MovieListView.swift in Sources */,
				1C78DCE62B964AC200415D5E /* ImageCache.swift in Sources */,
				1C78DCBF2B963F2400415D5E /* MovieListResponse.swift in Sources */,
				1C78DCC22B963F5D00415D5E /* NetworkManager.swift in Sources */,
				1C78DCCE2B9642CC00415D5E /* MovieListViewModel.swift in Sources */,
				1C78DCD92B96474900415D5E /* SearchBar.swift in Sources */,
				1C78DCEC2B964DB300415D5E /* RemoteImageViewModelFactory.swift in Sources */,
				1C78DCD32B96458D00415D5E /* MovieListViewModelFactory.swift in Sources */,
				1C78DCDC2B9648EB00415D5E /* MovieDetailView.swift in Sources */,
				1C78DCE32B9649E300415D5E /* ImageService.swift in Sources */,
				1C78DCAE2B963E9900415D5E /* MovieSearch2App.swift in Sources */,
				1C78DCDF2B96499A00415D5E /* RemoteImage.swift in Sources */,
				1C78DCEA2B964C7A00415D5E /* RemoteImageViewModel.swift in Sources */,
				1C78DCC42B963FCA00415D5E /* Endpoint.swift in Sources */,
				1C78DCC72B9640D100415D5E /* MovieService.swift in Sources */,
				1C78DCD12B96436800415D5E /* SinkCompletionHandling.swift in Sources */,
				1C78DCBD2B963EB400415D5E /* Movie.swift in Sources */,
			);
			runOnlyForDeploymentPostprocessing = 0;
		};
/* End PBXSourcesBuildPhase section */

/* Begin XCBuildConfiguration section */
		1C78DCB62B963E9B00415D5E /* Debug */ = {
			isa = XCBuildConfiguration;
			buildSettings = {
				ALWAYS_SEARCH_USER_PATHS = NO;
				ASSETCATALOG_COMPILER_GENERATE_SWIFT_ASSET_SYMBOL_EXTENSIONS = YES;
				CLANG_ANALYZER_NONNULL = YES;
				CLANG_ANALYZER_NUMBER_OBJECT_CONVERSION = YES_AGGRESSIVE;
				CLANG_CXX_LANGUAGE_STANDARD = "gnu++20";
				CLANG_ENABLE_MODULES = YES;
				CLANG_ENABLE_OBJC_ARC = YES;
				CLANG_ENABLE_OBJC_WEAK = YES;
				CLANG_WARN_BLOCK_CAPTURE_AUTORELEASING = YES;
				CLANG_WARN_BOOL_CONVERSION = YES;
				CLANG_WARN_COMMA = YES;
				CLANG_WARN_CONSTANT_CONVERSION = YES;
				CLANG_WARN_DEPRECATED_OBJC_IMPLEMENTATIONS = YES;
				CLANG_WARN_DIRECT_OBJC_ISA_USAGE = YES_ERROR;
				CLANG_WARN_DOCUMENTATION_COMMENTS = YES;
				CLANG_WARN_EMPTY_BODY = YES;
				CLANG_WARN_ENUM_CONVERSION = YES;
				CLANG_WARN_INFINITE_RECURSION = YES;
				CLANG_WARN_INT_CONVERSION = YES;
				CLANG_WARN_NON_LITERAL_NULL_CONVERSION = YES;
				CLANG_WARN_OBJC_IMPLICIT_RETAIN_SELF = YES;
				CLANG_WARN_OBJC_LITERAL_CONVERSION = YES;
				CLANG_WARN_OBJC_ROOT_CLASS = YES_ERROR;
				CLANG_WARN_QUOTED_INCLUDE_IN_FRAMEWORK_HEADER = YES;
				CLANG_WARN_RANGE_LOOP_ANALYSIS = YES;
				CLANG_WARN_STRICT_PROTOTYPES = YES;
				CLANG_WARN_SUSPICIOUS_MOVE = YES;
				CLANG_WARN_UNGUARDED_AVAILABILITY = YES_AGGRESSIVE;
				CLANG_WARN_UNREACHABLE_CODE = YES;
				CLANG_WARN__DUPLICATE_METHOD_MATCH = YES;
				COPY_PHASE_STRIP = NO;
				DEBUG_INFORMATION_FORMAT = dwarf;
				ENABLE_STRICT_OBJC_MSGSEND = YES;
				ENABLE_TESTABILITY = YES;
				ENABLE_USER_SCRIPT_SANDBOXING = YES;
				GCC_C_LANGUAGE_STANDARD = gnu17;
				GCC_DYNAMIC_NO_PIC = NO;
				GCC_NO_COMMON_BLOCKS = YES;
				GCC_OPTIMIZATION_LEVEL = 0;
				GCC_PREPROCESSOR_DEFINITIONS = (
					"DEBUG=1",
					"$(inherited)",
				);
				GCC_WARN_64_TO_32_BIT_CONVERSION = YES;
				GCC_WARN_ABOUT_RETURN_TYPE = YES_ERROR;
				GCC_WARN_UNDECLARED_SELECTOR = YES;
				GCC_WARN_UNINITIALIZED_AUTOS = YES_AGGRESSIVE;
				GCC_WARN_UNUSED_FUNCTION = YES;
				GCC_WARN_UNUSED_VARIABLE = YES;
				IPHONEOS_DEPLOYMENT_TARGET = 17.2;
				LOCALIZATION_PREFERS_STRING_CATALOGS = YES;
				MTL_ENABLE_DEBUG_INFO = INCLUDE_SOURCE;
				MTL_FAST_MATH = YES;
				ONLY_ACTIVE_ARCH = YES;
				SDKROOT = iphoneos;
				SWIFT_ACTIVE_COMPILATION_CONDITIONS = "DEBUG $(inherited)";
				SWIFT_OPTIMIZATION_LEVEL = "-Onone";
			};
			name = Debug;
		};
		1C78DCB72B963E9B00415D5E /* Release */ = {
			isa = XCBuildConfiguration;
			buildSettings = {
				ALWAYS_SEARCH_USER_PATHS = NO;
				ASSETCATALOG_COMPILER_GENERATE_SWIFT_ASSET_SYMBOL_EXTENSIONS = YES;
				CLANG_ANALYZER_NONNULL = YES;
				CLANG_ANALYZER_NUMBER_OBJECT_CONVERSION = YES_AGGRESSIVE;
				CLANG_CXX_LANGUAGE_STANDARD = "gnu++20";
				CLANG_ENABLE_MODULES = YES;
				CLANG_ENABLE_OBJC_ARC = YES;
				CLANG_ENABLE_OBJC_WEAK = YES;
				CLANG_WARN_BLOCK_CAPTURE_AUTORELEASING = YES;
				CLANG_WARN_BOOL_CONVERSION = YES;
				CLANG_WARN_COMMA = YES;
				CLANG_WARN_CONSTANT_CONVERSION = YES;
				CLANG_WARN_DEPRECATED_OBJC_IMPLEMENTATIONS = YES;
				CLANG_WARN_DIRECT_OBJC_ISA_USAGE = YES_ERROR;
				CLANG_WARN_DOCUMENTATION_COMMENTS = YES;
				CLANG_WARN_EMPTY_BODY = YES;
				CLANG_WARN_ENUM_CONVERSION = YES;
				CLANG_WARN_INFINITE_RECURSION = YES;
				CLANG_WARN_INT_CONVERSION = YES;
				CLANG_WARN_NON_LITERAL_NULL_CONVERSION = YES;
				CLANG_WARN_OBJC_IMPLICIT_RETAIN_SELF = YES;
				CLANG_WARN_OBJC_LITERAL_CONVERSION = YES;
				CLANG_WARN_OBJC_ROOT_CLASS = YES_ERROR;
				CLANG_WARN_QUOTED_INCLUDE_IN_FRAMEWORK_HEADER = YES;
				CLANG_WARN_RANGE_LOOP_ANALYSIS = YES;
				CLANG_WARN_STRICT_PROTOTYPES = YES;
				CLANG_WARN_SUSPICIOUS_MOVE = YES;
				CLANG_WARN_UNGUARDED_AVAILABILITY = YES_AGGRESSIVE;
				CLANG_WARN_UNREACHABLE_CODE = YES;
				CLANG_WARN__DUPLICATE_METHOD_MATCH = YES;
				COPY_PHASE_STRIP = NO;
				DEBUG_INFORMATION_FORMAT = "dwarf-with-dsym";
				ENABLE_NS_ASSERTIONS = NO;
				ENABLE_STRICT_OBJC_MSGSEND = YES;
				ENABLE_USER_SCRIPT_SANDBOXING = YES;
				GCC_C_LANGUAGE_STANDARD = gnu17;
				GCC_NO_COMMON_BLOCKS = YES;
				GCC_WARN_64_TO_32_BIT_CONVERSION = YES;
				GCC_WARN_ABOUT_RETURN_TYPE = YES_ERROR;
				GCC_WARN_UNDECLARED_SELECTOR = YES;
				GCC_WARN_UNINITIALIZED_AUTOS = YES_AGGRESSIVE;
				GCC_WARN_UNUSED_FUNCTION = YES;
				GCC_WARN_UNUSED_VARIABLE = YES;
				IPHONEOS_DEPLOYMENT_TARGET = 17.2;
				LOCALIZATION_PREFERS_STRING_CATALOGS = YES;
				MTL_ENABLE_DEBUG_INFO = NO;
				MTL_FAST_MATH = YES;
				SDKROOT = iphoneos;
				SWIFT_COMPILATION_MODE = wholemodule;
				VALIDATE_PRODUCT = YES;
			};
			name = Release;
		};
		1C78DCB92B963E9B00415D5E /* Debug */ = {
			isa = XCBuildConfiguration;
			buildSettings = {
				ASSETCATALOG_COMPILER_APPICON_NAME = AppIcon;
				ASSETCATALOG_COMPILER_GLOBAL_ACCENT_COLOR_NAME = AccentColor;
				CODE_SIGN_STYLE = Automatic;
				CURRENT_PROJECT_VERSION = 1;
				DEVELOPMENT_ASSET_PATHS = "\"MovieSearch2/Preview Content\"";
				DEVELOPMENT_TEAM = 65NB8C7JBQ;
				ENABLE_PREVIEWS = YES;
				GENERATE_INFOPLIST_FILE = YES;
				INFOPLIST_KEY_UIApplicationSceneManifest_Generation = YES;
				INFOPLIST_KEY_UIApplicationSupportsIndirectInputEvents = YES;
				INFOPLIST_KEY_UILaunchScreen_Generation = YES;
				INFOPLIST_KEY_UISupportedInterfaceOrientations_iPad = "UIInterfaceOrientationPortrait UIInterfaceOrientationPortraitUpsideDown UIInterfaceOrientationLandscapeLeft UIInterfaceOrientationLandscapeRight";
				INFOPLIST_KEY_UISupportedInterfaceOrientations_iPhone = "UIInterfaceOrientationPortrait UIInterfaceOrientationLandscapeLeft UIInterfaceOrientationLandscapeRight";
				IPHONEOS_DEPLOYMENT_TARGET = 15.0;
				LD_RUNPATH_SEARCH_PATHS = (
					"$(inherited)",
					"@executable_path/Frameworks",
				);
				MARKETING_VERSION = 1.0;
				PRODUCT_BUNDLE_IDENTIFIER = com.uac.MovieSearch2;
				PRODUCT_NAME = "$(TARGET_NAME)";
				SWIFT_EMIT_LOC_STRINGS = YES;
				SWIFT_VERSION = 5.0;
				TARGETED_DEVICE_FAMILY = "1,2";
			};
			name = Debug;
		};
		1C78DCBA2B963E9B00415D5E /* Release */ = {
			isa = XCBuildConfiguration;
			buildSettings = {
				ASSETCATALOG_COMPILER_APPICON_NAME = AppIcon;
				ASSETCATALOG_COMPILER_GLOBAL_ACCENT_COLOR_NAME = AccentColor;
				CODE_SIGN_STYLE = Automatic;
				CURRENT_PROJECT_VERSION = 1;
				DEVELOPMENT_ASSET_PATHS = "\"MovieSearch2/Preview Content\"";
				DEVELOPMENT_TEAM = 65NB8C7JBQ;
				ENABLE_PREVIEWS = YES;
				GENERATE_INFOPLIST_FILE = YES;
				INFOPLIST_KEY_UIApplicationSceneManifest_Generation = YES;
				INFOPLIST_KEY_UIApplicationSupportsIndirectInputEvents = YES;
				INFOPLIST_KEY_UILaunchScreen_Generation = YES;
				INFOPLIST_KEY_UISupportedInterfaceOrientations_iPad = "UIInterfaceOrientationPortrait UIInterfaceOrientationPortraitUpsideDown UIInterfaceOrientationLandscapeLeft UIInterfaceOrientationLandscapeRight";
				INFOPLIST_KEY_UISupportedInterfaceOrientations_iPhone = "UIInterfaceOrientationPortrait UIInterfaceOrientationLandscapeLeft UIInterfaceOrientationLandscapeRight";
				IPHONEOS_DEPLOYMENT_TARGET = 15.0;
				LD_RUNPATH_SEARCH_PATHS = (
					"$(inherited)",
					"@executable_path/Frameworks",
				);
				MARKETING_VERSION = 1.0;
				PRODUCT_BUNDLE_IDENTIFIER = com.uac.MovieSearch2;
				PRODUCT_NAME = "$(TARGET_NAME)";
				SWIFT_EMIT_LOC_STRINGS = YES;
				SWIFT_VERSION = 5.0;
				TARGETED_DEVICE_FAMILY = "1,2";
			};
			name = Release;
		};
/* End XCBuildConfiguration section */

/* Begin XCConfigurationList section */
		1C78DCA52B963E9900415D5E /* Build configuration list for PBXProject "MovieSearch2" */ = {
			isa = XCConfigurationList;
			buildConfigurations = (
				1C78DCB62B963E9B00415D5E /* Debug */,
				1C78DCB72B963E9B00415D5E /* Release */,
			);
			defaultConfigurationIsVisible = 0;
			defaultConfigurationName = Release;
		};
		1C78DCB82B963E9B00415D5E /* Build configuration list for PBXNativeTarget "MovieSearch2" */ = {
			isa = XCConfigurationList;
			buildConfigurations = (
				1C78DCB92B963E9B00415D5E /* Debug */,
				1C78DCBA2B963E9B00415D5E /* Release */,
			);
			defaultConfigurationIsVisible = 0;
			defaultConfigurationName = Release;
		};
/* End XCConfigurationList section */
	};
	rootObject = 1C78DCA22B963E9900415D5E /* Project object */;
}
